
Microsoft Visual Studio Solution File, Format Version 12.00
# Visual Studio Version 17
VisualStudioVersion = 17.6.33829.357
MinimumVisualStudioVersion = 10.0.40219.1
Project("{FAE04EC0-301F-11D3-BF4B-00C04F79EFBC}") = "DataAccess", "DataAccess\DataAccess.csproj", "{31612DD0-AADF-44C3-90B8-CA32615F3A49}"
EndProject
Project("{FAE04EC0-301F-11D3-BF4B-00C04F79EFBC}") = "Entities", "Entities\Entities.csproj", "{A2DB8E8E-19B7-4ECF-9EB2-D575E4E3483A}"
EndProject
Project("{FAE04EC0-301F-11D3-BF4B-00C04F79EFBC}") = "Business", "Business\Business.csproj", "{145DFD0A-07B2-4B70-B277-74054CD8A30D}"
EndProject
Project("{FAE04EC0-301F-11D3-BF4B-00C04F79EFBC}") = "ConsoleUI", "Console\ConsoleUI.csproj", "{AA75C890-18A4-416D-9635-4BAF9FE7EB84}"
EndProject
Global
	GlobalSection(SolutionConfigurationPlatforms) = preSolution
		Debug|Any CPU = Debug|Any CPU
		Release|Any CPU = Release|Any CPU
	EndGlobalSection
	GlobalSection(ProjectConfigurationPlatforms) = postSolution
		{31612DD0-AADF-44C3-90B8-CA32615F3A49}.Debug|Any CPU.ActiveCfg = Debug|Any CPU
		{31612DD0-AADF-44C3-90B8-CA32615F3A49}.Debug|Any CPU.Build.0 = Debug|Any CPU
		{31612DD0-AADF-44C3-90B8-CA32615F3A49}.Release|Any CPU.ActiveCfg = Release|Any CPU
		{31612DD0-AADF-44C3-90B8-CA32615F3A49}.Release|Any CPU.Build.0 = Release|Any CPU
		{A2DB8E8E-19B7-4ECF-9EB2-D575E4E3483A}.Debug|Any CPU.ActiveCfg = Debug|Any CPU
		{A2DB8E8E-19B7-4ECF-9EB2-D575E4E3483A}.Debug|Any CPU.Build.0 = Debug|Any CPU
		{A2DB8E8E-19B7-4ECF-9EB2-D575E4E3483A}.Release|Any CPU.ActiveCfg = Release|Any CPU
		{A2DB8E8E-19B7-4ECF-9EB2-D575E4E3483A}.Release|Any CPU.Build.0 = Release|Any CPU
		{145DFD0A-07B2-4B70-B277-74054CD8A30D}.Debug|Any CPU.ActiveCfg = Debug|Any CPU
		{145DFD0A-07B2-4B70-B277-74054CD8A30D}.Debug|Any CPU.Build.0 = Debug|Any CPU
		{145DFD0A-07B2-4B70-B277-74054CD8A30D}.Release|Any CPU.ActiveCfg = Release|Any CPU
		{145DFD0A-07B2-4B70-B277-74054CD8A30D}.Release|Any CPU.Build.0 = Release|Any CPU
		{AA75C890-18A4-416D-9635-4BAF9FE7EB84}.Debug|Any CPU.ActiveCfg = Debug|Any CPU
		{AA75C890-18A4-416D-9635-4BAF9FE7EB84}.Debug|Any CPU.Build.0 = Debug|Any CPU
		{AA75C890-18A4-416D-9635-4BAF9FE7EB84}.Release|Any CPU.ActiveCfg = Release|Any CPU
		{AA75C890-18A4-416D-9635-4BAF9FE7EB84}.Release|Any CPU.Build.0 = Release|Any CPU
	EndGlobalSection
	GlobalSection(SolutionProperties) = preSolution
		HideSolutionNode = FALSE
	EndGlobalSection
	GlobalSection(ExtensibilityGlobals) = postSolution
		SolutionGuid = {217C1D48-E70B-4359-9C65-D0B0F06D95C7}
	EndGlobalSection
EndGlobal
